// !$*UTF8*$!
{
	archiveVersion = 1;
	classes = {
	};
	objectVersion = 50;
	objects = {

/* Begin PBXBuildFile section */
		F01BB0CE26FECF1F00C33357 /* Shae_MyOrderApp.swift in Sources */ = {isa = PBXBuildFile; fileRef = F01BB0CD26FECF1F00C33357 /* Shae_MyOrderApp.swift */; };
		F01BB0D226FECF2000C33357 /* Assets.xcassets in Resources */ = {isa = PBXBuildFile; fileRef = F01BB0D126FECF2000C33357 /* Assets.xcassets */; };
		F01BB0D526FECF2000C33357 /* Preview Assets.xcassets in Resources */ = {isa = PBXBuildFile; fileRef = F01BB0D426FECF2000C33357 /* Preview Assets.xcassets */; };
		F04C3ABB272CB569000BD0AC /* CoffeeMO.swift in Sources */ = {isa = PBXBuildFile; fileRef = F04C3ABA272CB569000BD0AC /* CoffeeMO.swift */; };
		F04C3ABD272CC0C5000BD0AC /* CoreDBHelper.swift in Sources */ = {isa = PBXBuildFile; fileRef = F04C3ABC272CC0C5000BD0AC /* CoreDBHelper.swift */; };
		F04C3ABF272CCAD2000BD0AC /* Persistence.swift in Sources */ = {isa = PBXBuildFile; fileRef = F04C3ABE272CCAD2000BD0AC /* Persistence.swift */; };
		F05D54E7272C15C100C315EC /* Shae_MyOrder.xcdatamodeld in Sources */ = {isa = PBXBuildFile; fileRef = F05D54E5272C15C100C315EC /* Shae_MyOrder.xcdatamodeld */; };
		F0CFD8B726FED20900B8129F /* DisplayView.swift in Sources */ = {isa = PBXBuildFile; fileRef = F0CFD8B626FED20900B8129F /* DisplayView.swift */; };
		F0CFD8B926FED5FC00B8129F /* OrderView.swift in Sources */ = {isa = PBXBuildFile; fileRef = F0CFD8B826FED5FC00B8129F /* OrderView.swift */; };
		F0CFD8BD26FEF16700B8129F /* Coffee.swift in Sources */ = {isa = PBXBuildFile; fileRef = F0CFD8BC26FEF16700B8129F /* Coffee.swift */; };
		F0EF84AC26FFC12300965BFC /* CustomStyle.swift in Sources */ = {isa = PBXBuildFile; fileRef = F0EF84AB26FFC12300965BFC /* CustomStyle.swift */; };
		F0EF84AE27012F1000965BFC /* Order.swift in Sources */ = {isa = PBXBuildFile; fileRef = F0EF84AD27012F1000965BFC /* Order.swift */; };
/* End PBXBuildFile section */

/* Begin PBXFileReference section */
		F01BB0CA26FECF1F00C33357 /* Shae_MyOrder.app */ = {isa = PBXFileReference; explicitFileType = wrapper.application; includeInIndex = 0; path = Shae_MyOrder.app; sourceTree = BUILT_PRODUCTS_DIR; };
		F01BB0CD26FECF1F00C33357 /* Shae_MyOrderApp.swift */ = {isa = PBXFileReference; lastKnownFileType = sourcecode.swift; path = Shae_MyOrderApp.swift; sourceTree = "<group>"; };
		F01BB0D126FECF2000C33357 /* Assets.xcassets */ = {isa = PBXFileReference; lastKnownFileType = folder.assetcatalog; path = Assets.xcassets; sourceTree = "<group>"; };
		F01BB0D426FECF2000C33357 /* Preview Assets.xcassets */ = {isa = PBXFileReference; lastKnownFileType = folder.assetcatalog; path = "Preview Assets.xcassets"; sourceTree = "<group>"; };
		F01BB0D626FECF2000C33357 /* Info.plist */ = {isa = PBXFileReference; lastKnownFileType = text.plist.xml; path = Info.plist; sourceTree = "<group>"; };
		F04C3ABA272CB569000BD0AC /* CoffeeMO.swift */ = {isa = PBXFileReference; lastKnownFileType = sourcecode.swift; path = CoffeeMO.swift; sourceTree = "<group>"; };
		F04C3ABC272CC0C5000BD0AC /* CoreDBHelper.swift */ = {isa = PBXFileReference; lastKnownFileType = sourcecode.swift; path = CoreDBHelper.swift; sourceTree = "<group>"; };
		F04C3ABE272CCAD2000BD0AC /* Persistence.swift */ = {isa = PBXFileReference; lastKnownFileType = sourcecode.swift; path = Persistence.swift; sourceTree = "<group>"; };
		F05D54E6272C15C100C315EC /* Shae_MyOrder.xcdatamodel */ = {isa = PBXFileReference; lastKnownFileType = wrapper.xcdatamodel; path = Shae_MyOrder.xcdatamodel; sourceTree = "<group>"; };
		F0CFD8B626FED20900B8129F /* DisplayView.swift */ = {isa = PBXFileReference; lastKnownFileType = sourcecode.swift; path = DisplayView.swift; sourceTree = "<group>"; };
		F0CFD8B826FED5FC00B8129F /* OrderView.swift */ = {isa = PBXFileReference; lastKnownFileType = sourcecode.swift; path = OrderView.swift; sourceTree = "<group>"; };
		F0CFD8BC26FEF16700B8129F /* Coffee.swift */ = {isa = PBXFileReference; lastKnownFileType = sourcecode.swift; path = Coffee.swift; sourceTree = "<group>"; };
		F0EF84AB26FFC12300965BFC /* CustomStyle.swift */ = {isa = PBXFileReference; lastKnownFileType = sourcecode.swift; path = CustomStyle.swift; sourceTree = "<group>"; };
		F0EF84AD27012F1000965BFC /* Order.swift */ = {isa = PBXFileReference; lastKnownFileType = sourcecode.swift; path = Order.swift; sourceTree = "<group>"; };
/* End PBXFileReference section */

/* Begin PBXFrameworksBuildPhase section */
		F01BB0C726FECF1F00C33357 /* Frameworks */ = {
			isa = PBXFrameworksBuildPhase;
			buildActionMask = 2147483647;
			files = (
			);
			runOnlyForDeploymentPostprocessing = 0;
		};
/* End PBXFrameworksBuildPhase section */

/* Begin PBXGroup section */
		F01BB0C126FECF1F00C33357 = {
			isa = PBXGroup;
			children = (
				F01BB0CC26FECF1F00C33357 /* Shae_MyOrder */,
				F01BB0CB26FECF1F00C33357 /* Products */,
			);
			sourceTree = "<group>";
		};
		F01BB0CB26FECF1F00C33357 /* Products */ = {
			isa = PBXGroup;
			children = (
				F01BB0CA26FECF1F00C33357 /* Shae_MyOrder.app */,
			);
			name = Products;
			sourceTree = "<group>";
		};
		F01BB0CC26FECF1F00C33357 /* Shae_MyOrder */ = {
			isa = PBXGroup;
			children = (
				F05D54E3272C137300C315EC /* Models */,
				F05D54E2272C134A00C315EC /* Views */,
				F05D54E4272C137A00C315EC /* Helpers */,
				F01BB0CD26FECF1F00C33357 /* Shae_MyOrderApp.swift */,
				F01BB0D126FECF2000C33357 /* Assets.xcassets */,
				F01BB0D626FECF2000C33357 /* Info.plist */,
				F01BB0D326FECF2000C33357 /* Preview Content */,
				F04C3ABE272CCAD2000BD0AC /* Persistence.swift */,
			);
			path = Shae_MyOrder;
			sourceTree = "<group>";
		};
		F01BB0D326FECF2000C33357 /* Preview Content */ = {
			isa = PBXGroup;
			children = (
				F01BB0D426FECF2000C33357 /* Preview Assets.xcassets */,
			);
			path = "Preview Content";
			sourceTree = "<group>";
		};
		F05D54E2272C134A00C315EC /* Views */ = {
			isa = PBXGroup;
			children = (
				F0CFD8B626FED20900B8129F /* DisplayView.swift */,
				F0CFD8B826FED5FC00B8129F /* OrderView.swift */,
			);
			path = Views;
			sourceTree = "<group>";
		};
		F05D54E3272C137300C315EC /* Models */ = {
			isa = PBXGroup;
			children = (
				F05D54E5272C15C100C315EC /* Shae_MyOrder.xcdatamodeld */,
				F0EF84AD27012F1000965BFC /* Order.swift */,
				F0CFD8BC26FEF16700B8129F /* Coffee.swift */,
				F04C3ABA272CB569000BD0AC /* CoffeeMO.swift */,
			);
			path = Models;
			sourceTree = "<group>";
		};
		F05D54E4272C137A00C315EC /* Helpers */ = {
			isa = PBXGroup;
			children = (
				F0EF84AB26FFC12300965BFC /* CustomStyle.swift */,
				F04C3ABC272CC0C5000BD0AC /* CoreDBHelper.swift */,
			);
			path = Helpers;
			sourceTree = "<group>";
		};
/* End PBXGroup section */

/* Begin PBXNativeTarget section */
		F01BB0C926FECF1F00C33357 /* Shae_MyOrder */ = {
			isa = PBXNativeTarget;
			buildConfigurationList = F01BB0D926FECF2000C33357 /* Build configuration list for PBXNativeTarget "Shae_MyOrder" */;
			buildPhases = (
				F01BB0C626FECF1F00C33357 /* Sources */,
				F01BB0C726FECF1F00C33357 /* Frameworks */,
				F01BB0C826FECF1F00C33357 /* Resources */,
			);
			buildRules = (
			);
			dependencies = (
			);
			name = Shae_MyOrder;
			productName = Shae_MyOrder;
			productReference = F01BB0CA26FECF1F00C33357 /* Shae_MyOrder.app */;
			productType = "com.apple.product-type.application";
		};
/* End PBXNativeTarget section */

/* Begin PBXProject section */
		F01BB0C226FECF1F00C33357 /* Project object */ = {
			isa = PBXProject;
			attributes = {
				LastSwiftUpdateCheck = 1250;
				LastUpgradeCheck = 1250;
				TargetAttributes = {
					F01BB0C926FECF1F00C33357 = {
						CreatedOnToolsVersion = 12.5.1;
					};
				};
			};
			buildConfigurationList = F01BB0C526FECF1F00C33357 /* Build configuration list for PBXProject "Shae_MyOrder" */;
			compatibilityVersion = "Xcode 9.3";
			developmentRegion = en;
			hasScannedForEncodings = 0;
			knownRegions = (
				en,
				Base,
			);
			mainGroup = F01BB0C126FECF1F00C33357;
			productRefGroup = F01BB0CB26FECF1F00C33357 /* Products */;
			projectDirPath = "";
			projectRoot = "";
			targets = (
				F01BB0C926FECF1F00C33357 /* Shae_MyOrder */,
			);
		};
/* End PBXProject section */

/* Begin PBXResourcesBuildPhase section */
		F01BB0C826FECF1F00C33357 /* Resources */ = {
			isa = PBXResourcesBuildPhase;
			buildActionMask = 2147483647;
			files = (
				F01BB0D526FECF2000C33357 /* Preview Assets.xcassets in Resources */,
				F01BB0D226FECF2000C33357 /* Assets.xcassets in Resources */,
			);
			runOnlyForDeploymentPostprocessing = 0;
		};
/* End PBXResourcesBuildPhase section */

/* Begin PBXSourcesBuildPhase section */
		F01BB0C626FECF1F00C33357 /* Sources */ = {
			isa = PBXSourcesBuildPhase;
			buildActionMask = 2147483647;
			files = (
				F04C3ABB272CB569000BD0AC /* CoffeeMO.swift in Sources */,
				F04C3ABD272CC0C5000BD0AC /* CoreDBHelper.swift in Sources */,
				F0CFD8B926FED5FC00B8129F /* OrderView.swift in Sources */,
				F0CFD8BD26FEF16700B8129F /* Coffee.swift in Sources */,
				F05D54E7272C15C100C315EC /* Shae_MyOrder.xcdatamodeld in Sources */,
				F0CFD8B726FED20900B8129F /* DisplayView.swift in Sources */,
				F0EF84AC26FFC12300965BFC /* CustomStyle.swift in Sources */,
				F01BB0CE26FECF1F00C33357 /* Shae_MyOrderApp.swift in Sources */,
				F0EF84AE27012F1000965BFC /* Order.swift in Sources */,
				F04C3ABF272CCAD2000BD0AC /* Persistence.swift in Sources */,
			);
			runOnlyForDeploymentPostprocessing = 0;
		};
/* End PBXSourcesBuildPhase section */

/* Begin XCBuildConfiguration section */
		F01BB0D726FECF2000C33357 /* Debug */ = {
			isa = XCBuildConfiguration;
			buildSettings = {
				ALWAYS_SEARCH_USER_PATHS = NO;
				CLANG_ANALYZER_NONNULL = YES;
				CLANG_ANALYZER_NUMBER_OBJECT_CONVERSION = YES_AGGRESSIVE;
				CLANG_CXX_LANGUAGE_STANDARD = "gnu++14";
				CLANG_CXX_LIBRARY = "libc++";
				CLANG_ENABLE_MODULES = YES;
				CLANG_ENABLE_OBJC_ARC = YES;
				CLANG_ENABLE_OBJC_WEAK = YES;
				CLANG_WARN_BLOCK_CAPTURE_AUTORELEASING = YES;
				CLANG_WARN_BOOL_CONVERSION = YES;
				CLANG_WARN_COMMA = YES;
				CLANG_WARN_CONSTANT_CONVERSION = YES;
				CLANG_WARN_DEPRECATED_OBJC_IMPLEMENTATIONS = YES;
				CLANG_WARN_DIRECT_OBJC_ISA_USAGE = YES_ERROR;
				CLANG_WARN_DOCUMENTATION_COMMENTS = YES;
				CLANG_WARN_EMPTY_BODY = YES;
				CLANG_WARN_ENUM_CONVERSION = YES;
				CLANG_WARN_INFINITE_RECURSION = YES;
				CLANG_WARN_INT_CONVERSION = YES;
				CLANG_WARN_NON_LITERAL_NULL_CONVERSION = YES;
				CLANG_WARN_OBJC_IMPLICIT_RETAIN_SELF = YES;
				CLANG_WARN_OBJC_LITERAL_CONVERSION = YES;
				CLANG_WARN_OBJC_ROOT_CLASS = YES_ERROR;
				CLANG_WARN_QUOTED_INCLUDE_IN_FRAMEWORK_HEADER = YES;
				CLANG_WARN_RANGE_LOOP_ANALYSIS = YES;
				CLANG_WARN_STRICT_PROTOTYPES = YES;
				CLANG_WARN_SUSPICIOUS_MOVE = YES;
				CLANG_WARN_UNGUARDED_AVAILABILITY = YES_AGGRESSIVE;
				CLANG_WARN_UNREACHABLE_CODE = YES;
				CLANG_WARN__DUPLICATE_METHOD_MATCH = YES;
				COPY_PHASE_STRIP = NO;
				DEBUG_INFORMATION_FORMAT = dwarf;
				ENABLE_STRICT_OBJC_MSGSEND = YES;
				ENABLE_TESTABILITY = YES;
				GCC_C_LANGUAGE_STANDARD = gnu11;
				GCC_DYNAMIC_NO_PIC = NO;
				GCC_NO_COMMON_BLOCKS = YES;
				GCC_OPTIMIZATION_LEVEL = 0;
				GCC_PREPROCESSOR_DEFINITIONS = (
					"DEBUG=1",
					"$(inherited)",
				);
				GCC_WARN_64_TO_32_BIT_CONVERSION = YES;
				GCC_WARN_ABOUT_RETURN_TYPE = YES_ERROR;
				GCC_WARN_UNDECLARED_SELECTOR = YES;
				GCC_WARN_UNINITIALIZED_AUTOS = YES_AGGRESSIVE;
				GCC_WARN_UNUSED_FUNCTION = YES;
				GCC_WARN_UNUSED_VARIABLE = YES;
				IPHONEOS_DEPLOYMENT_TARGET = 14.5;
				MTL_ENABLE_DEBUG_INFO = INCLUDE_SOURCE;
				MTL_FAST_MATH = YES;
				ONLY_ACTIVE_ARCH = YES;
				SDKROOT = iphoneos;
				SWIFT_ACTIVE_COMPILATION_CONDITIONS = DEBUG;
				SWIFT_OPTIMIZATION_LEVEL = "-Onone";
			};
			name = Debug;
		};
		F01BB0D826FECF2000C33357 /* Release */ = {
			isa = XCBuildConfiguration;
			buildSettings = {
				ALWAYS_SEARCH_USER_PATHS = NO;
				CLANG_ANALYZER_NONNULL = YES;
				CLANG_ANALYZER_NUMBER_OBJECT_CONVERSION = YES_AGGRESSIVE;
				CLANG_CXX_LANGUAGE_STANDARD = "gnu++14";
				CLANG_CXX_LIBRARY = "libc++";
				CLANG_ENABLE_MODULES = YES;
				CLANG_ENABLE_OBJC_ARC = YES;
				CLANG_ENABLE_OBJC_WEAK = YES;
				CLANG_WARN_BLOCK_CAPTURE_AUTORELEASING = YES;
				CLANG_WARN_BOOL_CONVERSION = YES;
				CLANG_WARN_COMMA = YES;
				CLANG_WARN_CONSTANT_CONVERSION = YES;
				CLANG_WARN_DEPRECATED_OBJC_IMPLEMENTATIONS = YES;
				CLANG_WARN_DIRECT_OBJC_ISA_USAGE = YES_ERROR;
				CLANG_WARN_DOCUMENTATION_COMMENTS = YES;
				CLANG_WARN_EMPTY_BODY = YES;
				CLANG_WARN_ENUM_CONVERSION = YES;
				CLANG_WARN_INFINITE_RECURSION = YES;
				CLANG_WARN_INT_CONVERSION = YES;
				CLANG_WARN_NON_LITERAL_NULL_CONVERSION = YES;
				CLANG_WARN_OBJC_IMPLICIT_RETAIN_SELF = YES;
				CLANG_WARN_OBJC_LITERAL_CONVERSION = YES;
				CLANG_WARN_OBJC_ROOT_CLASS = YES_ERROR;
				CLANG_WARN_QUOTED_INCLUDE_IN_FRAMEWORK_HEADER = YES;
				CLANG_WARN_RANGE_LOOP_ANALYSIS = YES;
				CLANG_WARN_STRICT_PROTOTYPES = YES;
				CLANG_WARN_SUSPICIOUS_MOVE = YES;
				CLANG_WARN_UNGUARDED_AVAILABILITY = YES_AGGRESSIVE;
				CLANG_WARN_UNREACHABLE_CODE = YES;
				CLANG_WARN__DUPLICATE_METHOD_MATCH = YES;
				COPY_PHASE_STRIP = NO;
				DEBUG_INFORMATION_FORMAT = "dwarf-with-dsym";
				ENABLE_NS_ASSERTIONS = NO;
				ENABLE_STRICT_OBJC_MSGSEND = YES;
				GCC_C_LANGUAGE_STANDARD = gnu11;
				GCC_NO_COMMON_BLOCKS = YES;
				GCC_WARN_64_TO_32_BIT_CONVERSION = YES;
				GCC_WARN_ABOUT_RETURN_TYPE = YES_ERROR;
				GCC_WARN_UNDECLARED_SELECTOR = YES;
				GCC_WARN_UNINITIALIZED_AUTOS = YES_AGGRESSIVE;
				GCC_WARN_UNUSED_FUNCTION = YES;
				GCC_WARN_UNUSED_VARIABLE = YES;
				IPHONEOS_DEPLOYMENT_TARGET = 14.5;
				MTL_ENABLE_DEBUG_INFO = NO;
				MTL_FAST_MATH = YES;
				SDKROOT = iphoneos;
				SWIFT_COMPILATION_MODE = wholemodule;
				SWIFT_OPTIMIZATION_LEVEL = "-O";
				VALIDATE_PRODUCT = YES;
			};
			name = Release;
		};
		F01BB0DA26FECF2000C33357 /* Debug */ = {
			isa = XCBuildConfiguration;
			buildSettings = {
				ASSETCATALOG_COMPILER_APPICON_NAME = AppIcon;
				ASSETCATALOG_COMPILER_GLOBAL_ACCENT_COLOR_NAME = AccentColor;
				CODE_SIGN_STYLE = Automatic;
				DEVELOPMENT_ASSET_PATHS = "\"Shae_MyOrder/Preview Content\"";
				DEVELOPMENT_TEAM = QP5FF7Y6D5;
				ENABLE_PREVIEWS = YES;
				INFOPLIST_FILE = Shae_MyOrder/Info.plist;
				IPHONEOS_DEPLOYMENT_TARGET = 14.0;
				LD_RUNPATH_SEARCH_PATHS = (
					"$(inherited)",
					"@executable_path/Frameworks",
				);
				PRODUCT_BUNDLE_IDENTIFIER = "com.simeoni.Shae-MyOrder";
				PRODUCT_NAME = "$(TARGET_NAME)";
				SWIFT_VERSION = 5.0;
				TARGETED_DEVICE_FAMILY = "1,2";
			};
			name = Debug;
		};
		F01BB0DB26FECF2000C33357 /* Release */ = {
			isa = XCBuildConfiguration;
			buildSettings = {
				ASSETCATALOG_COMPILER_APPICON_NAME = AppIcon;
				ASSETCATALOG_COMPILER_GLOBAL_ACCENT_COLOR_NAME = AccentColor;
				CODE_SIGN_STYLE = Automatic;
				DEVELOPMENT_ASSET_PATHS = "\"Shae_MyOrder/Preview Content\"";
				DEVELOPMENT_TEAM = QP5FF7Y6D5;
				ENABLE_PREVIEWS = YES;
				INFOPLIST_FILE = Shae_MyOrder/Info.plist;
				IPHONEOS_DEPLOYMENT_TARGET = 14.0;
				LD_RUNPATH_SEARCH_PATHS = (
					"$(inherited)",
					"@executable_path/Frameworks",
				);
				PRODUCT_BUNDLE_IDENTIFIER = "com.simeoni.Shae-MyOrder";
				PRODUCT_NAME = "$(TARGET_NAME)";
				SWIFT_VERSION = 5.0;
				TARGETED_DEVICE_FAMILY = "1,2";
			};
			name = Release;
		};
/* End XCBuildConfiguration section */

/* Begin XCConfigurationList section */
		F01BB0C526FECF1F00C33357 /* Build configuration list for PBXProject "Shae_MyOrder" */ = {
			isa = XCConfigurationList;
			buildConfigurations = (
				F01BB0D726FECF2000C33357 /* Debug */,
				F01BB0D826FECF2000C33357 /* Release */,
			);
			defaultConfigurationIsVisible = 0;
			defaultConfigurationName = Release;
		};
		F01BB0D926FECF2000C33357 /* Build configuration list for PBXNativeTarget "Shae_MyOrder" */ = {
			isa = XCConfigurationList;
			buildConfigurations = (
				F01BB0DA26FECF2000C33357 /* Debug */,
				F01BB0DB26FECF2000C33357 /* Release */,
			);
			defaultConfigurationIsVisible = 0;
			defaultConfigurationName = Release;
		};
/* End XCConfigurationList section */

/* Begin XCVersionGroup section */
		F05D54E5272C15C100C315EC /* Shae_MyOrder.xcdatamodeld */ = {
			isa = XCVersionGroup;
			children = (
				F05D54E6272C15C100C315EC /* Shae_MyOrder.xcdatamodel */,
			);
			currentVersion = F05D54E6272C15C100C315EC /* Shae_MyOrder.xcdatamodel */;
			path = Shae_MyOrder.xcdatamodeld;
			sourceTree = "<group>";
			versionGroupType = wrapper.xcdatamodel;
		};
/* End XCVersionGroup section */
	};
	rootObject = F01BB0C226FECF1F00C33357 /* Project object */;
}
